
Microsoft Visual Studio Solution File, Format Version 12.00
# Visual Studio Version 16
VisualStudioVersion = 16.0.31019.35
MinimumVisualStudioVersion = 10.0.40219.1
Project("{FAE04EC0-301F-11D3-BF4B-00C04F79EFBC}") = "DonutChart", "DonutChart\DonutChart.csproj", "{70D44C79-8AAD-4020-9BE2-68FD26D0836E}"
EndProject
Global
	GlobalSection(SolutionConfigurationPlatforms) = preSolution
		Debug|Any CPU = Debug|Any CPU
		Release|Any CPU = Release|Any CPU
	EndGlobalSection
	GlobalSection(ProjectConfigurationPlatforms) = postSolution
		{70D44C79-8AAD-4020-9BE2-68FD26D0836E}.Debug|Any CPU.ActiveCfg = Debug|Any CPU
		{70D44C79-8AAD-4020-9BE2-68FD26D0836E}.Debug|Any CPU.Build.0 = Debug|Any CPU
		{70D44C79-8AAD-4020-9BE2-68FD26D0836E}.Release|Any CPU.ActiveCfg = Release|Any CPU
		{70D44C79-8AAD-4020-9BE2-68FD26D0836E}.Release|Any CPU.Build.0 = Release|Any CPU
	EndGlobalSection
	GlobalSection(SolutionProperties) = preSolution
		HideSolutionNode = FALSE
	EndGlobalSection
	GlobalSection(ExtensibilityGlobals) = postSolution
		SolutionGuid = {F3AAA168-8EBA-436E-A6DA-5D54E57E5BE3}
	EndGlobalSection
EndGlobal
